// !$*UTF8*$!
{
	archiveVersion = 1;
	classes = {
	};
	objectVersion = 56;
	objects = {

/* Begin PBXBuildFile section */
		2B8F14CD2B763A0600249395 /* AppDelegate.swift in Sources */ = {isa = PBXBuildFile; fileRef = 2B8F14CC2B763A0600249395 /* AppDelegate.swift */; };
		2B8F14CF2B763A0600249395 /* SceneDelegate.swift in Sources */ = {isa = PBXBuildFile; fileRef = 2B8F14CE2B763A0600249395 /* SceneDelegate.swift */; };
		2B8F14D12B763A0600249395 /* SearchViewController.swift in Sources */ = {isa = PBXBuildFile; fileRef = 2B8F14D02B763A0600249395 /* SearchViewController.swift */; };
		2B8F14D62B763A0800249395 /* Assets.xcassets in Resources */ = {isa = PBXBuildFile; fileRef = 2B8F14D52B763A0800249395 /* Assets.xcassets */; };
		2B9402482B79120B00687FE8 /* UIColor+Extension.swift in Sources */ = {isa = PBXBuildFile; fileRef = 2B9402472B79120B00687FE8 /* UIColor+Extension.swift */; };
		2B94024A2B7914E400687FE8 /* DistanceSegmentedControl.swift in Sources */ = {isa = PBXBuildFile; fileRef = 2B9402492B7914E400687FE8 /* DistanceSegmentedControl.swift */; };
		2B94024C2B7A570200687FE8 /* ScreenTransitionButton.swift in Sources */ = {isa = PBXBuildFile; fileRef = 2B94024B2B7A570200687FE8 /* ScreenTransitionButton.swift */; };
		2BA0D43D2B7B6C6200ED76EA /* SearchVCStackView.swift in Sources */ = {isa = PBXBuildFile; fileRef = 2BA0D43C2B7B6C6200ED76EA /* SearchVCStackView.swift */; };
		2BAA02532B7CBA35009D27CA /* RestaurantManager.swift in Sources */ = {isa = PBXBuildFile; fileRef = 2BAA02522B7CBA35009D27CA /* RestaurantManager.swift */; };
		2BAA02552B7CC66F009D27CA /* RestaurantData.swift in Sources */ = {isa = PBXBuildFile; fileRef = 2BAA02542B7CC66F009D27CA /* RestaurantData.swift */; };
		2BB6F0BF2B809F4300EC8F3D /* ResultViewController.swift in Sources */ = {isa = PBXBuildFile; fileRef = 2BB6F0BE2B809F4300EC8F3D /* ResultViewController.swift */; };
		2BB6F0C52B80B16900EC8F3D /* RestaurantCollectionViewCell.swift in Sources */ = {isa = PBXBuildFile; fileRef = 2BB6F0C42B80B16900EC8F3D /* RestaurantCollectionViewCell.swift */; };
		2BB6F0C72B80B43B00EC8F3D /* ResultCard.swift in Sources */ = {isa = PBXBuildFile; fileRef = 2BB6F0C62B80B43B00EC8F3D /* ResultCard.swift */; };
		2BB6F0CB2B80BF4E00EC8F3D /* LogoImageView.swift in Sources */ = {isa = PBXBuildFile; fileRef = 2BB6F0CA2B80BF4E00EC8F3D /* LogoImageView.swift */; };
/* End PBXBuildFile section */

/* Begin PBXFileReference section */
		2B8F14C92B763A0600249395 /* Tikameshi.app */ = {isa = PBXFileReference; explicitFileType = wrapper.application; includeInIndex = 0; path = Tikameshi.app; sourceTree = BUILT_PRODUCTS_DIR; };
		2B8F14CC2B763A0600249395 /* AppDelegate.swift */ = {isa = PBXFileReference; lastKnownFileType = sourcecode.swift; path = AppDelegate.swift; sourceTree = "<group>"; };
		2B8F14CE2B763A0600249395 /* SceneDelegate.swift */ = {isa = PBXFileReference; lastKnownFileType = sourcecode.swift; path = SceneDelegate.swift; sourceTree = "<group>"; };
		2B8F14D02B763A0600249395 /* SearchViewController.swift */ = {isa = PBXFileReference; lastKnownFileType = sourcecode.swift; path = SearchViewController.swift; sourceTree = "<group>"; };
		2B8F14D52B763A0800249395 /* Assets.xcassets */ = {isa = PBXFileReference; lastKnownFileType = folder.assetcatalog; path = Assets.xcassets; sourceTree = "<group>"; };
		2B8F14DA2B763A0800249395 /* Info.plist */ = {isa = PBXFileReference; lastKnownFileType = text.plist.xml; path = Info.plist; sourceTree = "<group>"; };
		2B9402472B79120B00687FE8 /* UIColor+Extension.swift */ = {isa = PBXFileReference; lastKnownFileType = sourcecode.swift; path = "UIColor+Extension.swift"; sourceTree = "<group>"; };
		2B9402492B7914E400687FE8 /* DistanceSegmentedControl.swift */ = {isa = PBXFileReference; lastKnownFileType = sourcecode.swift; path = DistanceSegmentedControl.swift; sourceTree = "<group>"; };
		2B94024B2B7A570200687FE8 /* ScreenTransitionButton.swift */ = {isa = PBXFileReference; lastKnownFileType = sourcecode.swift; path = ScreenTransitionButton.swift; sourceTree = "<group>"; };
		2BA0D43C2B7B6C6200ED76EA /* SearchVCStackView.swift */ = {isa = PBXFileReference; lastKnownFileType = sourcecode.swift; path = SearchVCStackView.swift; sourceTree = "<group>"; };
		2BAA02522B7CBA35009D27CA /* RestaurantManager.swift */ = {isa = PBXFileReference; lastKnownFileType = sourcecode.swift; path = RestaurantManager.swift; sourceTree = "<group>"; };
		2BAA02542B7CC66F009D27CA /* RestaurantData.swift */ = {isa = PBXFileReference; lastKnownFileType = sourcecode.swift; path = RestaurantData.swift; sourceTree = "<group>"; };
		2BB6F0BE2B809F4300EC8F3D /* ResultViewController.swift */ = {isa = PBXFileReference; lastKnownFileType = sourcecode.swift; path = ResultViewController.swift; sourceTree = "<group>"; };
		2BB6F0C42B80B16900EC8F3D /* RestaurantCollectionViewCell.swift */ = {isa = PBXFileReference; lastKnownFileType = sourcecode.swift; path = RestaurantCollectionViewCell.swift; sourceTree = "<group>"; };
		2BB6F0C62B80B43B00EC8F3D /* ResultCard.swift */ = {isa = PBXFileReference; lastKnownFileType = sourcecode.swift; path = ResultCard.swift; sourceTree = "<group>"; };
		2BB6F0CA2B80BF4E00EC8F3D /* LogoImageView.swift */ = {isa = PBXFileReference; lastKnownFileType = sourcecode.swift; path = LogoImageView.swift; sourceTree = "<group>"; };
/* End PBXFileReference section */

/* Begin PBXFrameworksBuildPhase section */
		2B8F14C62B763A0600249395 /* Frameworks */ = {
			isa = PBXFrameworksBuildPhase;
			buildActionMask = 2147483647;
			files = (
			);
			runOnlyForDeploymentPostprocessing = 0;
		};
/* End PBXFrameworksBuildPhase section */

/* Begin PBXGroup section */
		2B8F14C02B763A0600249395 = {
			isa = PBXGroup;
			children = (
				2B8F14CB2B763A0600249395 /* Tikameshi */,
				2B8F14CA2B763A0600249395 /* Products */,
			);
			sourceTree = "<group>";
		};
		2B8F14CA2B763A0600249395 /* Products */ = {
			isa = PBXGroup;
			children = (
				2B8F14C92B763A0600249395 /* Tikameshi.app */,
			);
			name = Products;
			sourceTree = "<group>";
		};
		2B8F14CB2B763A0600249395 /* Tikameshi */ = {
			isa = PBXGroup;
			children = (
				2B9402462B7911F300687FE8 /* Extension */,
				2B8F14E02B763A3800249395 /* Model */,
				2B8F14E12B763A4200249395 /* View */,
				2B8F14E22B763A4900249395 /* Controller */,
				2B8F14CC2B763A0600249395 /* AppDelegate.swift */,
				2B8F14CE2B763A0600249395 /* SceneDelegate.swift */,
				2B8F14D52B763A0800249395 /* Assets.xcassets */,
				2B8F14DA2B763A0800249395 /* Info.plist */,
			);
			path = Tikameshi;
			sourceTree = "<group>";
		};
		2B8F14E02B763A3800249395 /* Model */ = {
			isa = PBXGroup;
			children = (
				2BAA02522B7CBA35009D27CA /* RestaurantManager.swift */,
				2BAA02542B7CC66F009D27CA /* RestaurantData.swift */,
			);
			path = Model;
			sourceTree = "<group>";
		};
		2B8F14E12B763A4200249395 /* View */ = {
			isa = PBXGroup;
			children = (
				2BB6F0C12B80A3D200EC8F3D /* ResultVC */,
				2B94024D2B7A58F300687FE8 /* SerchVC */,
				2B94024B2B7A570200687FE8 /* ScreenTransitionButton.swift */,
			);
			path = View;
			sourceTree = "<group>";
		};
		2B8F14E22B763A4900249395 /* Controller */ = {
			isa = PBXGroup;
			children = (
				2B8F14D02B763A0600249395 /* SearchViewController.swift */,
				2BB6F0BE2B809F4300EC8F3D /* ResultViewController.swift */,
			);
			path = Controller;
			sourceTree = "<group>";
		};
		2B9402462B7911F300687FE8 /* Extension */ = {
			isa = PBXGroup;
			children = (
				2B9402472B79120B00687FE8 /* UIColor+Extension.swift */,
			);
			path = Extension;
			sourceTree = "<group>";
		};
		2B94024D2B7A58F300687FE8 /* SerchVC */ = {
			isa = PBXGroup;
			children = (
				2B9402492B7914E400687FE8 /* DistanceSegmentedControl.swift */,
				2BA0D43C2B7B6C6200ED76EA /* SearchVCStackView.swift */,
			);
			path = SerchVC;
			sourceTree = "<group>";
		};
		2BB6F0C12B80A3D200EC8F3D /* ResultVC */ = {
			isa = PBXGroup;
			children = (
				2BB6F0C42B80B16900EC8F3D /* RestaurantCollectionViewCell.swift */,
				2BB6F0C62B80B43B00EC8F3D /* ResultCard.swift */,
				2BB6F0CA2B80BF4E00EC8F3D /* LogoImageView.swift */,
			);
			path = ResultVC;
			sourceTree = "<group>";
		};
/* End PBXGroup section */

/* Begin PBXNativeTarget section */
		2B8F14C82B763A0600249395 /* Tikameshi */ = {
			isa = PBXNativeTarget;
			buildConfigurationList = 2B8F14DD2B763A0800249395 /* Build configuration list for PBXNativeTarget "Tikameshi" */;
			buildPhases = (
				2B8F14C52B763A0600249395 /* Sources */,
				2B8F14C62B763A0600249395 /* Frameworks */,
				2B8F14C72B763A0600249395 /* Resources */,
			);
			buildRules = (
			);
			dependencies = (
			);
			name = Tikameshi;
			productName = Tikameshi;
			productReference = 2B8F14C92B763A0600249395 /* Tikameshi.app */;
			productType = "com.apple.product-type.application";
		};
/* End PBXNativeTarget section */

/* Begin PBXProject section */
		2B8F14C12B763A0600249395 /* Project object */ = {
			isa = PBXProject;
			attributes = {
				BuildIndependentTargetsInParallel = 1;
				LastSwiftUpdateCheck = 1520;
				LastUpgradeCheck = 1520;
				TargetAttributes = {
					2B8F14C82B763A0600249395 = {
						CreatedOnToolsVersion = 15.2;
					};
				};
			};
			buildConfigurationList = 2B8F14C42B763A0600249395 /* Build configuration list for PBXProject "Tikameshi" */;
			compatibilityVersion = "Xcode 14.0";
			developmentRegion = en;
			hasScannedForEncodings = 0;
			knownRegions = (
				en,
				Base,
			);
			mainGroup = 2B8F14C02B763A0600249395;
			productRefGroup = 2B8F14CA2B763A0600249395 /* Products */;
			projectDirPath = "";
			projectRoot = "";
			targets = (
				2B8F14C82B763A0600249395 /* Tikameshi */,
			);
		};
/* End PBXProject section */

/* Begin PBXResourcesBuildPhase section */
		2B8F14C72B763A0600249395 /* Resources */ = {
			isa = PBXResourcesBuildPhase;
			buildActionMask = 2147483647;
			files = (
				2B8F14D62B763A0800249395 /* Assets.xcassets in Resources */,
			);
			runOnlyForDeploymentPostprocessing = 0;
		};
/* End PBXResourcesBuildPhase section */

/* Begin PBXSourcesBuildPhase section */
		2B8F14C52B763A0600249395 /* Sources */ = {
			isa = PBXSourcesBuildPhase;
			buildActionMask = 2147483647;
			files = (
				2B8F14D12B763A0600249395 /* SearchViewController.swift in Sources */,
				2BA0D43D2B7B6C6200ED76EA /* SearchVCStackView.swift in Sources */,
				2B8F14CD2B763A0600249395 /* AppDelegate.swift in Sources */,
				2B94024C2B7A570200687FE8 /* ScreenTransitionButton.swift in Sources */,
				2BB6F0C72B80B43B00EC8F3D /* ResultCard.swift in Sources */,
				2B8F14CF2B763A0600249395 /* SceneDelegate.swift in Sources */,
				2BB6F0BF2B809F4300EC8F3D /* ResultViewController.swift in Sources */,
				2BAA02552B7CC66F009D27CA /* RestaurantData.swift in Sources */,
				2B94024A2B7914E400687FE8 /* DistanceSegmentedControl.swift in Sources */,
				2BB6F0C52B80B16900EC8F3D /* RestaurantCollectionViewCell.swift in Sources */,
				2B9402482B79120B00687FE8 /* UIColor+Extension.swift in Sources */,
				2BAA02532B7CBA35009D27CA /* RestaurantManager.swift in Sources */,
				2BB6F0CB2B80BF4E00EC8F3D /* LogoImageView.swift in Sources */,
			);
			runOnlyForDeploymentPostprocessing = 0;
		};
/* End PBXSourcesBuildPhase section */

/* Begin XCBuildConfiguration section */
		2B8F14DB2B763A0800249395 /* Debug */ = {
			isa = XCBuildConfiguration;
			buildSettings = {
				ALWAYS_SEARCH_USER_PATHS = NO;
				ASSETCATALOG_COMPILER_GENERATE_SWIFT_ASSET_SYMBOL_EXTENSIONS = YES;
				CLANG_ANALYZER_NONNULL = YES;
				CLANG_ANALYZER_NUMBER_OBJECT_CONVERSION = YES_AGGRESSIVE;
				CLANG_CXX_LANGUAGE_STANDARD = "gnu++20";
				CLANG_ENABLE_MODULES = YES;
				CLANG_ENABLE_OBJC_ARC = YES;
				CLANG_ENABLE_OBJC_WEAK = YES;
				CLANG_WARN_BLOCK_CAPTURE_AUTORELEASING = YES;
				CLANG_WARN_BOOL_CONVERSION = YES;
				CLANG_WARN_COMMA = YES;
				CLANG_WARN_CONSTANT_CONVERSION = YES;
				CLANG_WARN_DEPRECATED_OBJC_IMPLEMENTATIONS = YES;
				CLANG_WARN_DIRECT_OBJC_ISA_USAGE = YES_ERROR;
				CLANG_WARN_DOCUMENTATION_COMMENTS = YES;
				CLANG_WARN_EMPTY_BODY = YES;
				CLANG_WARN_ENUM_CONVERSION = YES;
				CLANG_WARN_INFINITE_RECURSION = YES;
				CLANG_WARN_INT_CONVERSION = YES;
				CLANG_WARN_NON_LITERAL_NULL_CONVERSION = YES;
				CLANG_WARN_OBJC_IMPLICIT_RETAIN_SELF = YES;
				CLANG_WARN_OBJC_LITERAL_CONVERSION = YES;
				CLANG_WARN_OBJC_ROOT_CLASS = YES_ERROR;
				CLANG_WARN_QUOTED_INCLUDE_IN_FRAMEWORK_HEADER = YES;
				CLANG_WARN_RANGE_LOOP_ANALYSIS = YES;
				CLANG_WARN_STRICT_PROTOTYPES = YES;
				CLANG_WARN_SUSPICIOUS_MOVE = YES;
				CLANG_WARN_UNGUARDED_AVAILABILITY = YES_AGGRESSIVE;
				CLANG_WARN_UNREACHABLE_CODE = YES;
				CLANG_WARN__DUPLICATE_METHOD_MATCH = YES;
				COPY_PHASE_STRIP = NO;
				DEBUG_INFORMATION_FORMAT = dwarf;
				ENABLE_STRICT_OBJC_MSGSEND = YES;
				ENABLE_TESTABILITY = YES;
				ENABLE_USER_SCRIPT_SANDBOXING = YES;
				GCC_C_LANGUAGE_STANDARD = gnu17;
				GCC_DYNAMIC_NO_PIC = NO;
				GCC_NO_COMMON_BLOCKS = YES;
				GCC_OPTIMIZATION_LEVEL = 0;
				GCC_PREPROCESSOR_DEFINITIONS = (
					"DEBUG=1",
					"$(inherited)",
				);
				GCC_WARN_64_TO_32_BIT_CONVERSION = YES;
				GCC_WARN_ABOUT_RETURN_TYPE = YES_ERROR;
				GCC_WARN_UNDECLARED_SELECTOR = YES;
				GCC_WARN_UNINITIALIZED_AUTOS = YES_AGGRESSIVE;
				GCC_WARN_UNUSED_FUNCTION = YES;
				GCC_WARN_UNUSED_VARIABLE = YES;
				IPHONEOS_DEPLOYMENT_TARGET = 17.2;
				LOCALIZATION_PREFERS_STRING_CATALOGS = YES;
				MTL_ENABLE_DEBUG_INFO = INCLUDE_SOURCE;
				MTL_FAST_MATH = YES;
				ONLY_ACTIVE_ARCH = YES;
				SDKROOT = iphoneos;
				SWIFT_ACTIVE_COMPILATION_CONDITIONS = "DEBUG $(inherited)";
				SWIFT_OPTIMIZATION_LEVEL = "-Onone";
			};
			name = Debug;
		};
		2B8F14DC2B763A0800249395 /* Release */ = {
			isa = XCBuildConfiguration;
			buildSettings = {
				ALWAYS_SEARCH_USER_PATHS = NO;
				ASSETCATALOG_COMPILER_GENERATE_SWIFT_ASSET_SYMBOL_EXTENSIONS = YES;
				CLANG_ANALYZER_NONNULL = YES;
				CLANG_ANALYZER_NUMBER_OBJECT_CONVERSION = YES_AGGRESSIVE;
				CLANG_CXX_LANGUAGE_STANDARD = "gnu++20";
				CLANG_ENABLE_MODULES = YES;
				CLANG_ENABLE_OBJC_ARC = YES;
				CLANG_ENABLE_OBJC_WEAK = YES;
				CLANG_WARN_BLOCK_CAPTURE_AUTORELEASING = YES;
				CLANG_WARN_BOOL_CONVERSION = YES;
				CLANG_WARN_COMMA = YES;
				CLANG_WARN_CONSTANT_CONVERSION = YES;
				CLANG_WARN_DEPRECATED_OBJC_IMPLEMENTATIONS = YES;
				CLANG_WARN_DIRECT_OBJC_ISA_USAGE = YES_ERROR;
				CLANG_WARN_DOCUMENTATION_COMMENTS = YES;
				CLANG_WARN_EMPTY_BODY = YES;
				CLANG_WARN_ENUM_CONVERSION = YES;
				CLANG_WARN_INFINITE_RECURSION = YES;
				CLANG_WARN_INT_CONVERSION = YES;
				CLANG_WARN_NON_LITERAL_NULL_CONVERSION = YES;
				CLANG_WARN_OBJC_IMPLICIT_RETAIN_SELF = YES;
				CLANG_WARN_OBJC_LITERAL_CONVERSION = YES;
				CLANG_WARN_OBJC_ROOT_CLASS = YES_ERROR;
				CLANG_WARN_QUOTED_INCLUDE_IN_FRAMEWORK_HEADER = YES;
				CLANG_WARN_RANGE_LOOP_ANALYSIS = YES;
				CLANG_WARN_STRICT_PROTOTYPES = YES;
				CLANG_WARN_SUSPICIOUS_MOVE = YES;
				CLANG_WARN_UNGUARDED_AVAILABILITY = YES_AGGRESSIVE;
				CLANG_WARN_UNREACHABLE_CODE = YES;
				CLANG_WARN__DUPLICATE_METHOD_MATCH = YES;
				COPY_PHASE_STRIP = NO;
				DEBUG_INFORMATION_FORMAT = "dwarf-with-dsym";
				ENABLE_NS_ASSERTIONS = NO;
				ENABLE_STRICT_OBJC_MSGSEND = YES;
				ENABLE_USER_SCRIPT_SANDBOXING = YES;
				GCC_C_LANGUAGE_STANDARD = gnu17;
				GCC_NO_COMMON_BLOCKS = YES;
				GCC_WARN_64_TO_32_BIT_CONVERSION = YES;
				GCC_WARN_ABOUT_RETURN_TYPE = YES_ERROR;
				GCC_WARN_UNDECLARED_SELECTOR = YES;
				GCC_WARN_UNINITIALIZED_AUTOS = YES_AGGRESSIVE;
				GCC_WARN_UNUSED_FUNCTION = YES;
				GCC_WARN_UNUSED_VARIABLE = YES;
				IPHONEOS_DEPLOYMENT_TARGET = 17.2;
				LOCALIZATION_PREFERS_STRING_CATALOGS = YES;
				MTL_ENABLE_DEBUG_INFO = NO;
				MTL_FAST_MATH = YES;
				SDKROOT = iphoneos;
				SWIFT_COMPILATION_MODE = wholemodule;
				VALIDATE_PRODUCT = YES;
			};
			name = Release;
		};
		2B8F14DE2B763A0800249395 /* Debug */ = {
			isa = XCBuildConfiguration;
			buildSettings = {
				ASSETCATALOG_COMPILER_APPICON_NAME = AppIcon;
				ASSETCATALOG_COMPILER_GLOBAL_ACCENT_COLOR_NAME = AccentColor;
				CODE_SIGN_STYLE = Automatic;
				CURRENT_PROJECT_VERSION = 1;
				DEVELOPMENT_TEAM = 2GSZ3KSUC2;
				GENERATE_INFOPLIST_FILE = YES;
				INFOPLIST_FILE = Tikameshi/Info.plist;
				INFOPLIST_KEY_NSLocationWhenInUseUsageDescription = "近くのレストランを探すため位置情報を取得します";
				INFOPLIST_KEY_UIApplicationSupportsIndirectInputEvents = YES;
				INFOPLIST_KEY_UILaunchStoryboardName = LaunchScreen;
				INFOPLIST_KEY_UIStatusBarHidden = NO;
				INFOPLIST_KEY_UIStatusBarStyle = UIStatusBarStyleDarkContent;
				INFOPLIST_KEY_UISupportedInterfaceOrientations_iPad = "UIInterfaceOrientationPortrait UIInterfaceOrientationPortraitUpsideDown UIInterfaceOrientationLandscapeLeft UIInterfaceOrientationLandscapeRight";
				INFOPLIST_KEY_UISupportedInterfaceOrientations_iPhone = "UIInterfaceOrientationPortrait UIInterfaceOrientationLandscapeLeft UIInterfaceOrientationLandscapeRight";
				IPHONEOS_DEPLOYMENT_TARGET = 16.0;
				LD_RUNPATH_SEARCH_PATHS = (
					"$(inherited)",
					"@executable_path/Frameworks",
				);
				MARKETING_VERSION = 1.0;
				PRODUCT_BUNDLE_IDENTIFIER = com.Shibata.Tikameshi1;
				PRODUCT_NAME = "$(TARGET_NAME)";
				SWIFT_EMIT_LOC_STRINGS = YES;
				SWIFT_VERSION = 5.0;
				TARGETED_DEVICE_FAMILY = "1,2";
			};
			name = Debug;
		};
		2B8F14DF2B763A0800249395 /* Release */ = {
			isa = XCBuildConfiguration;
			buildSettings = {
				ASSETCATALOG_COMPILER_APPICON_NAME = AppIcon;
				ASSETCATALOG_COMPILER_GLOBAL_ACCENT_COLOR_NAME = AccentColor;
				CODE_SIGN_STYLE = Automatic;
				CURRENT_PROJECT_VERSION = 1;
				DEVELOPMENT_TEAM = 2GSZ3KSUC2;
				GENERATE_INFOPLIST_FILE = YES;
				INFOPLIST_FILE = Tikameshi/Info.plist;
				INFOPLIST_KEY_NSLocationWhenInUseUsageDescription = "近くのレストランを探すため位置情報を取得します";
				INFOPLIST_KEY_UIApplicationSupportsIndirectInputEvents = YES;
				INFOPLIST_KEY_UILaunchStoryboardName = LaunchScreen;
				INFOPLIST_KEY_UIStatusBarHidden = NO;
				INFOPLIST_KEY_UIStatusBarStyle = UIStatusBarStyleDarkContent;
				INFOPLIST_KEY_UISupportedInterfaceOrientations_iPad = "UIInterfaceOrientationPortrait UIInterfaceOrientationPortraitUpsideDown UIInterfaceOrientationLandscapeLeft UIInterfaceOrientationLandscapeRight";
				INFOPLIST_KEY_UISupportedInterfaceOrientations_iPhone = "UIInterfaceOrientationPortrait UIInterfaceOrientationLandscapeLeft UIInterfaceOrientationLandscapeRight";
				IPHONEOS_DEPLOYMENT_TARGET = 16.0;
				LD_RUNPATH_SEARCH_PATHS = (
					"$(inherited)",
					"@executable_path/Frameworks",
				);
				MARKETING_VERSION = 1.0;
				PRODUCT_BUNDLE_IDENTIFIER = com.Shibata.Tikameshi1;
				PRODUCT_NAME = "$(TARGET_NAME)";
				SWIFT_EMIT_LOC_STRINGS = YES;
				SWIFT_VERSION = 5.0;
				TARGETED_DEVICE_FAMILY = "1,2";
			};
			name = Release;
		};
/* End XCBuildConfiguration section */

/* Begin XCConfigurationList section */
		2B8F14C42B763A0600249395 /* Build configuration list for PBXProject "Tikameshi" */ = {
			isa = XCConfigurationList;
			buildConfigurations = (
				2B8F14DB2B763A0800249395 /* Debug */,
				2B8F14DC2B763A0800249395 /* Release */,
			);
			defaultConfigurationIsVisible = 0;
			defaultConfigurationName = Release;
		};
		2B8F14DD2B763A0800249395 /* Build configuration list for PBXNativeTarget "Tikameshi" */ = {
			isa = XCConfigurationList;
			buildConfigurations = (
				2B8F14DE2B763A0800249395 /* Debug */,
				2B8F14DF2B763A0800249395 /* Release */,
			);
			defaultConfigurationIsVisible = 0;
			defaultConfigurationName = Release;
		};
/* End XCConfigurationList section */
	};
	rootObject = 2B8F14C12B763A0600249395 /* Project object */;
}
